<?xml version="1.0" encoding="utf-8"?>
<Project ToolsVersion="4.0" xmlns="http://schemas.microsoft.com/developer/msbuild/2003">
  <ItemGroup>
    <Filter Include="Source Files">
      <UniqueIdentifier>{4FC737F1-C7A5-4376-A066-2A32D752A2FF}</UniqueIdentifier>
      <Extensions>cpp;c;cc;cxx;c++;cppm;ixx;def;odl;idl;hpj;bat;asm;asmx</Extensions>
    </Filter>
    <Filter Include="Resource Files">
      <UniqueIdentifier>{67DA6AB6-F800-4c08-8B7A-83BB121AAD01}</UniqueIdentifier>
      <Extensions>rc;ico;cur;bmp;dlg;rc2;rct;bin;rgs;gif;jpg;jpeg;jpe;resx;tiff;tif;png;wav;mfcribbon-ms</Extensions>
    </Filter>
    <Filter Include="Source Files\core">
      <UniqueIdentifier>{a2358f22-c432-41b4-b42d-d5cd21625d1b}</UniqueIdentifier>
    </Filter>
    <Filter Include="Source Files\entities">
      <UniqueIdentifier>{73485082-9f2f-449f-9169-205445a09bdb}</UniqueIdentifier>
    </Filter>
    <Filter Include="Source Files\scenes">
      <UniqueIdentifier>{825ae45b-40b1-4bf4-837d-318b4b3d576b}</UniqueIdentifier>
    </Filter>
    <Filter Include="Source Files\utils">
      <UniqueIdentifier>{b4797ada-b293-48bf-8c0a-35f601137d68}</UniqueIdentifier>
    </Filter>
    <Filter Include="Resource Files\fonts">
      <UniqueIdentifier>{103a9e8e-5625-4fa7-8c08-de434dd215f5}</UniqueIdentifier>
    </Filter>
    <Filter Include="Resource Files\images">
      <UniqueIdentifier>{aee569e6-134b-496c-82ed-6f1283d028ac}</UniqueIdentifier>
    </Filter>
    <Filter Include="Resource Files\sounds">
      <UniqueIdentifier>{c5918eeb-9166-4c13-9692-c679f0a4f9f6}</UniqueIdentifier>
    </Filter>
    <Filter Include="Resource Files\music">
      <UniqueIdentifier>{b817aad2-79cc-464b-b588-d83335250a71}</UniqueIdentifier>
    </Filter>
  </ItemGroup>
  <ItemGroup>
    <ClCompile Include="Init.cpp">
      <Filter>Source Files\core</Filter>
    </ClCompile>
    <ClCompile Include="Game.cpp">
      <Filter>Source Files\core</Filter>
    </ClCompile>
    <ClCompile Include="Dot.cpp">
      <Filter>Source Files\entities</Filter>
    </ClCompile>
    <ClCompile Include="Particle.cpp">
      <Filter>Source Files\entities</Filter>
    </ClCompile>
    <ClCompile Include="LTexture.cpp">
      <Filter>Source Files\scenes</Filter>
    </ClCompile>
    <ClCompile Include="main.cpp">
      <Filter>Source Files</Filter>
    </ClCompile>
    <ClCompile Include="Walls.cpp">
      <Filter>Source Files\entities</Filter>
    </ClCompile>
  </ItemGroup>
  <ItemGroup>
    <ClInclude Include="Game.h">
      <Filter>Source Files\core</Filter>
    </ClInclude>
    <ClInclude Include="Init.h">
      <Filter>Source Files\core</Filter>
    </ClInclude>
    <ClInclude Include="Dot.h">
      <Filter>Source Files\entities</Filter>
    </ClInclude>
    <ClInclude Include="Particle.h">
      <Filter>Source Files\entities</Filter>
    </ClInclude>
    <ClInclude Include="LTexture.h">
      <Filter>Source Files\scenes</Filter>
    </ClInclude>
    <ClInclude Include="Globals.h">
      <Filter>Source Files\core</Filter>
    </ClInclude>
    <ClInclude Include="Walls.h">
      <Filter>Source Files\entities</Filter>
    </ClInclude>
  </ItemGroup>
  <ItemGroup>
    <Font Include="16_true_type_fonts\lazy.ttf">
      <Filter>Resource Files\fonts</Filter>
    </Font>
  </ItemGroup>
  <ItemGroup>
    <Image Include="38_particle_engines\blue.bmp">
      <Filter>Resource Files\images</Filter>
    </Image>
    <Image Include="38_particle_engines\dot.bmp">
      <Filter>Resource Files\images</Filter>
    </Image>
    <Image Include="38_particle_engines\green.bmp">
      <Filter>Resource Files\images</Filter>
    </Image>
    <Image Include="38_particle_engines\red.bmp">
      <Filter>Resource Files\images</Filter>
    </Image>
    <Image Include="38_particle_engines\shimmer.bmp">
      <Filter>Resource Files\images</Filter>
    </Image>
  </ItemGroup>
</Project>